
Microsoft Visual Studio Solution File, Format Version 12.00
# Visual Studio Version 17
VisualStudioVersion = 17.10.35013.160
MinimumVisualStudioVersion = 10.0.40219.1
Project("{FAE04EC0-301F-11D3-BF4B-00C04F79EFBC}") = "Noonsoft", "Noonsoft\Noonsoft.csproj", "{F502F918-BF93-48DB-9913-E907A4E43C4D}"
EndProject
Global
	GlobalSection(SolutionConfigurationPlatforms) = preSolution
		Debug|Any CPU = Debug|Any CPU
		Release|Any CPU = Release|Any CPU
	EndGlobalSection
	GlobalSection(ProjectConfigurationPlatforms) = postSolution
		{F502F918-BF93-48DB-9913-E907A4E43C4D}.Debug|Any CPU.ActiveCfg = Debug|Any CPU
		{F502F918-BF93-48DB-9913-E907A4E43C4D}.Debug|Any CPU.Build.0 = Debug|Any CPU
		{F502F918-BF93-48DB-9913-E907A4E43C4D}.Release|Any CPU.ActiveCfg = Release|Any CPU
		{F502F918-BF93-48DB-9913-E907A4E43C4D}.Release|Any CPU.Build.0 = Release|Any CPU
	EndGlobalSection
	GlobalSection(SolutionProperties) = preSolution
		HideSolutionNode = FALSE
	EndGlobalSection
	GlobalSection(ExtensibilityGlobals) = postSolution
		SolutionGuid = {B2163A2B-2EBC-4E25-8362-5B5EFC5B3483}
	EndGlobalSection
EndGlobal
